
Microsoft Visual Studio Solution File, Format Version 12.00
# Visual Studio Version 17
VisualStudioVersion = 17.0.32014.148
MinimumVisualStudioVersion = 10.0.40219.1
Project("{FAE04EC0-301F-11D3-BF4B-00C04F79EFBC}") = "ce100-hw2-algo-lib-cs", "ce100-hw2-algo-lib-cs\ce100-hw2-algo-lib-cs.csproj", "{DB8E4A08-D764-4DE0-B5BF-D02016963FF7}"
EndProject
Project("{FAE04EC0-301F-11D3-BF4B-00C04F79EFBC}") = "ce100-hw2-algo-test-cs", "ce100-hw2-algo-test-cs\ce100-hw2-algo-test-cs.csproj", "{728E2CBF-C1CB-497F-AFCB-BD920ECDA201}"
EndProject
Global
	GlobalSection(SolutionConfigurationPlatforms) = preSolution
		Debug|Any CPU = Debug|Any CPU
		Release|Any CPU = Release|Any CPU
	EndGlobalSection
	GlobalSection(ProjectConfigurationPlatforms) = postSolution
		{DB8E4A08-D764-4DE0-B5BF-D02016963FF7}.Debug|Any CPU.ActiveCfg = Debug|Any CPU
		{DB8E4A08-D764-4DE0-B5BF-D02016963FF7}.Debug|Any CPU.Build.0 = Debug|Any CPU
		{DB8E4A08-D764-4DE0-B5BF-D02016963FF7}.Release|Any CPU.ActiveCfg = Release|Any CPU
		{DB8E4A08-D764-4DE0-B5BF-D02016963FF7}.Release|Any CPU.Build.0 = Release|Any CPU
		{728E2CBF-C1CB-497F-AFCB-BD920ECDA201}.Debug|Any CPU.ActiveCfg = Debug|Any CPU
		{728E2CBF-C1CB-497F-AFCB-BD920ECDA201}.Debug|Any CPU.Build.0 = Debug|Any CPU
		{728E2CBF-C1CB-497F-AFCB-BD920ECDA201}.Release|Any CPU.ActiveCfg = Release|Any CPU
		{728E2CBF-C1CB-497F-AFCB-BD920ECDA201}.Release|Any CPU.Build.0 = Release|Any CPU
	EndGlobalSection
	GlobalSection(SolutionProperties) = preSolution
		HideSolutionNode = FALSE
	EndGlobalSection
	GlobalSection(ExtensibilityGlobals) = postSolution
		SolutionGuid = {5A956819-6FB6-4131-BD96-0095899B4433}
	EndGlobalSection
EndGlobal
